
Microsoft Visual Studio Solution File, Format Version 12.00
# Visual Studio Version 17
VisualStudioVersion = 17.0.31912.275
MinimumVisualStudioVersion = 10.0.40219.1
Project("{2150E333-8FDC-42A3-9474-1A3956D46DE8}") = "src", "src", "{A94D686D-610A-4F32-A61C-E67142A3C325}"
EndProject
Project("{2150E333-8FDC-42A3-9474-1A3956D46DE8}") = "corePackages", "corePackages", "{0919BE4C-0420-40B5-8932-9EFA785A39BD}"
EndProject
Project("{9A19103F-16F7-4668-BE54-9A1E7A4F7556}") = "Core.Application", "src\corePackages\Core.Application\Core.Application.csproj", "{BD311A8E-23BD-4C8E-AF9C-318C4CA1A32F}"
EndProject
Project("{9A19103F-16F7-4668-BE54-9A1E7A4F7556}") = "Core.CrossCuttingConcerns", "src\corePackages\Core.CrossCuttingConcerns\Core.CrossCuttingConcerns.csproj", "{9AA70A8A-D12E-4981-B9C8-B8CAE88EE334}"
EndProject
Project("{9A19103F-16F7-4668-BE54-9A1E7A4F7556}") = "Core.ElasticSearch", "src\corePackages\Core.ElasticSearch\Core.ElasticSearch.csproj", "{0354BC29-E8F2-411A-B518-A76890EDBE76}"
EndProject
Project("{9A19103F-16F7-4668-BE54-9A1E7A4F7556}") = "Core.Mailing", "src\corePackages\Core.Mailing\Core.Mailing.csproj", "{E51839E7-D0EB-4450-AF9E-3D74C786AC2B}"
EndProject
Project("{9A19103F-16F7-4668-BE54-9A1E7A4F7556}") = "Core.Persistence", "src\corePackages\Core.Persistence\Core.Persistence.csproj", "{6C1C2A39-F8EB-4F57-8D62-A165E6465E02}"
EndProject
Project("{9A19103F-16F7-4668-BE54-9A1E7A4F7556}") = "Core.Security", "src\corePackages\Core.Security\Core.Security.csproj", "{2D8639BF-858B-49E9-BB3D-EC9BBE680479}"
EndProject
Project("{2150E333-8FDC-42A3-9474-1A3956D46DE8}") = "Project", "Project", "{A119D66D-B3BD-47D0-8012-E50322D0FD5F}"
EndProject
Project("{2150E333-8FDC-42A3-9474-1A3956D46DE8}") = "RentACar", "RentACar", "{4D0E232A-66EA-4E75-BD01-F9DCC91D106B}"
EndProject
Project("{FAE04EC0-301F-11D3-BF4B-00C04F79EFBC}") = "Application", "Project\RentACar\Application\Application.csproj", "{4C7FB59F-B417-4981-ABD2-E271925DFE2E}"
EndProject
Project("{FAE04EC0-301F-11D3-BF4B-00C04F79EFBC}") = "Domain", "Project\RentACar\Domain\Domain.csproj", "{A0B7F4D9-1647-459A-AABD-E24E897F7032}"
EndProject
Project("{FAE04EC0-301F-11D3-BF4B-00C04F79EFBC}") = "Infrastructure", "Project\RentACar\Infrastructure\Infrastructure.csproj", "{FF6CB3EE-C914-4A1E-9F42-75BEE5B3C81E}"
EndProject
Project("{FAE04EC0-301F-11D3-BF4B-00C04F79EFBC}") = "Persistence", "Project\RentACar\Persistence\Persistence.csproj", "{5C6995AC-12AA-4E2A-8505-DE090E0B378E}"
EndProject
Project("{FAE04EC0-301F-11D3-BF4B-00C04F79EFBC}") = "WebAPI", "Project\RentACar\WebAPI\WebAPI.csproj", "{2428B80C-0D84-4A6F-BBE8-7217E08831A8}"
EndProject
Global
	GlobalSection(SolutionConfigurationPlatforms) = preSolution
		Debug|Any CPU = Debug|Any CPU
		Release|Any CPU = Release|Any CPU
	EndGlobalSection
	GlobalSection(ProjectConfigurationPlatforms) = postSolution
		{BD311A8E-23BD-4C8E-AF9C-318C4CA1A32F}.Debug|Any CPU.ActiveCfg = Debug|Any CPU
		{BD311A8E-23BD-4C8E-AF9C-318C4CA1A32F}.Debug|Any CPU.Build.0 = Debug|Any CPU
		{BD311A8E-23BD-4C8E-AF9C-318C4CA1A32F}.Release|Any CPU.ActiveCfg = Release|Any CPU
		{BD311A8E-23BD-4C8E-AF9C-318C4CA1A32F}.Release|Any CPU.Build.0 = Release|Any CPU
		{9AA70A8A-D12E-4981-B9C8-B8CAE88EE334}.Debug|Any CPU.ActiveCfg = Debug|Any CPU
		{9AA70A8A-D12E-4981-B9C8-B8CAE88EE334}.Debug|Any CPU.Build.0 = Debug|Any CPU
		{9AA70A8A-D12E-4981-B9C8-B8CAE88EE334}.Release|Any CPU.ActiveCfg = Release|Any CPU
		{9AA70A8A-D12E-4981-B9C8-B8CAE88EE334}.Release|Any CPU.Build.0 = Release|Any CPU
		{0354BC29-E8F2-411A-B518-A76890EDBE76}.Debug|Any CPU.ActiveCfg = Debug|Any CPU
		{0354BC29-E8F2-411A-B518-A76890EDBE76}.Debug|Any CPU.Build.0 = Debug|Any CPU
		{0354BC29-E8F2-411A-B518-A76890EDBE76}.Release|Any CPU.ActiveCfg = Release|Any CPU
		{0354BC29-E8F2-411A-B518-A76890EDBE76}.Release|Any CPU.Build.0 = Release|Any CPU
		{E51839E7-D0EB-4450-AF9E-3D74C786AC2B}.Debug|Any CPU.ActiveCfg = Debug|Any CPU
		{E51839E7-D0EB-4450-AF9E-3D74C786AC2B}.Debug|Any CPU.Build.0 = Debug|Any CPU
		{E51839E7-D0EB-4450-AF9E-3D74C786AC2B}.Release|Any CPU.ActiveCfg = Release|Any CPU
		{E51839E7-D0EB-4450-AF9E-3D74C786AC2B}.Release|Any CPU.Build.0 = Release|Any CPU
		{6C1C2A39-F8EB-4F57-8D62-A165E6465E02}.Debug|Any CPU.ActiveCfg = Debug|Any CPU
		{6C1C2A39-F8EB-4F57-8D62-A165E6465E02}.Debug|Any CPU.Build.0 = Debug|Any CPU
		{6C1C2A39-F8EB-4F57-8D62-A165E6465E02}.Release|Any CPU.ActiveCfg = Release|Any CPU
		{6C1C2A39-F8EB-4F57-8D62-A165E6465E02}.Release|Any CPU.Build.0 = Release|Any CPU
		{2D8639BF-858B-49E9-BB3D-EC9BBE680479}.Debug|Any CPU.ActiveCfg = Debug|Any CPU
		{2D8639BF-858B-49E9-BB3D-EC9BBE680479}.Debug|Any CPU.Build.0 = Debug|Any CPU
		{2D8639BF-858B-49E9-BB3D-EC9BBE680479}.Release|Any CPU.ActiveCfg = Release|Any CPU
		{2D8639BF-858B-49E9-BB3D-EC9BBE680479}.Release|Any CPU.Build.0 = Release|Any CPU
		{4C7FB59F-B417-4981-ABD2-E271925DFE2E}.Debug|Any CPU.ActiveCfg = Debug|Any CPU
		{4C7FB59F-B417-4981-ABD2-E271925DFE2E}.Debug|Any CPU.Build.0 = Debug|Any CPU
		{4C7FB59F-B417-4981-ABD2-E271925DFE2E}.Release|Any CPU.ActiveCfg = Release|Any CPU
		{4C7FB59F-B417-4981-ABD2-E271925DFE2E}.Release|Any CPU.Build.0 = Release|Any CPU
		{A0B7F4D9-1647-459A-AABD-E24E897F7032}.Debug|Any CPU.ActiveCfg = Debug|Any CPU
		{A0B7F4D9-1647-459A-AABD-E24E897F7032}.Debug|Any CPU.Build.0 = Debug|Any CPU
		{A0B7F4D9-1647-459A-AABD-E24E897F7032}.Release|Any CPU.ActiveCfg = Release|Any CPU
		{A0B7F4D9-1647-459A-AABD-E24E897F7032}.Release|Any CPU.Build.0 = Release|Any CPU
		{FF6CB3EE-C914-4A1E-9F42-75BEE5B3C81E}.Debug|Any CPU.ActiveCfg = Debug|Any CPU
		{FF6CB3EE-C914-4A1E-9F42-75BEE5B3C81E}.Debug|Any CPU.Build.0 = Debug|Any CPU
		{FF6CB3EE-C914-4A1E-9F42-75BEE5B3C81E}.Release|Any CPU.ActiveCfg = Release|Any CPU
		{FF6CB3EE-C914-4A1E-9F42-75BEE5B3C81E}.Release|Any CPU.Build.0 = Release|Any CPU
		{5C6995AC-12AA-4E2A-8505-DE090E0B378E}.Debug|Any CPU.ActiveCfg = Debug|Any CPU
		{5C6995AC-12AA-4E2A-8505-DE090E0B378E}.Debug|Any CPU.Build.0 = Debug|Any CPU
		{5C6995AC-12AA-4E2A-8505-DE090E0B378E}.Release|Any CPU.ActiveCfg = Release|Any CPU
		{5C6995AC-12AA-4E2A-8505-DE090E0B378E}.Release|Any CPU.Build.0 = Release|Any CPU
		{2428B80C-0D84-4A6F-BBE8-7217E08831A8}.Debug|Any CPU.ActiveCfg = Debug|Any CPU
		{2428B80C-0D84-4A6F-BBE8-7217E08831A8}.Debug|Any CPU.Build.0 = Debug|Any CPU
		{2428B80C-0D84-4A6F-BBE8-7217E08831A8}.Release|Any CPU.ActiveCfg = Release|Any CPU
		{2428B80C-0D84-4A6F-BBE8-7217E08831A8}.Release|Any CPU.Build.0 = Release|Any CPU
	EndGlobalSection
	GlobalSection(SolutionProperties) = preSolution
		HideSolutionNode = FALSE
	EndGlobalSection
	GlobalSection(NestedProjects) = preSolution
		{0919BE4C-0420-40B5-8932-9EFA785A39BD} = {A94D686D-610A-4F32-A61C-E67142A3C325}
		{BD311A8E-23BD-4C8E-AF9C-318C4CA1A32F} = {0919BE4C-0420-40B5-8932-9EFA785A39BD}
		{9AA70A8A-D12E-4981-B9C8-B8CAE88EE334} = {0919BE4C-0420-40B5-8932-9EFA785A39BD}
		{0354BC29-E8F2-411A-B518-A76890EDBE76} = {0919BE4C-0420-40B5-8932-9EFA785A39BD}
		{E51839E7-D0EB-4450-AF9E-3D74C786AC2B} = {0919BE4C-0420-40B5-8932-9EFA785A39BD}
		{6C1C2A39-F8EB-4F57-8D62-A165E6465E02} = {0919BE4C-0420-40B5-8932-9EFA785A39BD}
		{2D8639BF-858B-49E9-BB3D-EC9BBE680479} = {0919BE4C-0420-40B5-8932-9EFA785A39BD}
		{A119D66D-B3BD-47D0-8012-E50322D0FD5F} = {A94D686D-610A-4F32-A61C-E67142A3C325}
		{4D0E232A-66EA-4E75-BD01-F9DCC91D106B} = {A119D66D-B3BD-47D0-8012-E50322D0FD5F}
		{4C7FB59F-B417-4981-ABD2-E271925DFE2E} = {4D0E232A-66EA-4E75-BD01-F9DCC91D106B}
		{A0B7F4D9-1647-459A-AABD-E24E897F7032} = {4D0E232A-66EA-4E75-BD01-F9DCC91D106B}
		{FF6CB3EE-C914-4A1E-9F42-75BEE5B3C81E} = {4D0E232A-66EA-4E75-BD01-F9DCC91D106B}
		{5C6995AC-12AA-4E2A-8505-DE090E0B378E} = {4D0E232A-66EA-4E75-BD01-F9DCC91D106B}
		{2428B80C-0D84-4A6F-BBE8-7217E08831A8} = {4D0E232A-66EA-4E75-BD01-F9DCC91D106B}
	EndGlobalSection
	GlobalSection(ExtensibilityGlobals) = postSolution
		SolutionGuid = {2A128E78-6DA1-47A8-B227-2F462A378EF5}
	EndGlobalSection
EndGlobal
